PODS:
  - TestAppModule/TestBasic (1.0.0)

DEPENDENCIES:
  - TestAppModule/TestBasic (from `../TestAppModule`)

EXTERNAL SOURCES:
  TestAppModule:
    :path: "../TestAppModule"

SPEC CHECKSUMS:
  TestAppModule: 4c7c3059f869af72e795792f0a43dbaf58530cdd

PODFILE CHECKSUM: cd91487a971cfe57edb4ccd3624f6c51077658c7

COCOAPODS: 1.11.3
